
Microsoft Visual Studio Solution File, Format Version 12.00
# Visual Studio 15
VisualStudioVersion = 15.0.28307.106
MinimumVisualStudioVersion = 10.0.40219.1
Project("{FAE04EC0-301F-11D3-BF4B-00C04F79EFBC}") = "GsmWebApi", "GsmWebApi\GsmWebApi.csproj", "{DDFF144A-E9C0-4960-B4F5-C03D2DD7E9CF}"
EndProject
Project("{FAE04EC0-301F-11D3-BF4B-00C04F79EFBC}") = "GsmWebApi.Tests", "GsmWebApi.Tests\GsmWebApi.Tests.csproj", "{ECAAE054-CCAE-4AA6-9E65-AC3A92006088}"
EndProject
Global
	GlobalSection(SolutionConfigurationPlatforms) = preSolution
		Debug|Any CPU = Debug|Any CPU
		Release|Any CPU = Release|Any CPU
	EndGlobalSection
	GlobalSection(ProjectConfigurationPlatforms) = postSolution
		{DDFF144A-E9C0-4960-B4F5-C03D2DD7E9CF}.Debug|Any CPU.ActiveCfg = Debug|Any CPU
		{DDFF144A-E9C0-4960-B4F5-C03D2DD7E9CF}.Debug|Any CPU.Build.0 = Debug|Any CPU
		{DDFF144A-E9C0-4960-B4F5-C03D2DD7E9CF}.Release|Any CPU.ActiveCfg = Release|Any CPU
		{DDFF144A-E9C0-4960-B4F5-C03D2DD7E9CF}.Release|Any CPU.Build.0 = Release|Any CPU
		{ECAAE054-CCAE-4AA6-9E65-AC3A92006088}.Debug|Any CPU.ActiveCfg = Debug|Any CPU
		{ECAAE054-CCAE-4AA6-9E65-AC3A92006088}.Debug|Any CPU.Build.0 = Debug|Any CPU
		{ECAAE054-CCAE-4AA6-9E65-AC3A92006088}.Release|Any CPU.ActiveCfg = Release|Any CPU
		{ECAAE054-CCAE-4AA6-9E65-AC3A92006088}.Release|Any CPU.Build.0 = Release|Any CPU
	EndGlobalSection
	GlobalSection(SolutionProperties) = preSolution
		HideSolutionNode = FALSE
	EndGlobalSection
	GlobalSection(ExtensibilityGlobals) = postSolution
		SolutionGuid = {A2D5E0E0-9A09-42CF-A72F-0553D532D952}
	EndGlobalSection
EndGlobal
